
Microsoft Visual Studio Solution File, Format Version 12.00
# Visual Studio Version 17
VisualStudioVersion = 17.5.002.0
MinimumVisualStudioVersion = 10.0.40219.1
Project("{2150E333-8FDC-42A3-9474-1A3956D46DE8}") = "CsharpProjects", "CsharpProjects", "{277180DC-AEAF-440B-808B-4147B2709B66}"
EndProject
Project("{9A19103F-16F7-4668-BE54-9A1E7A4F7556}") = "TestProject", "CsharpProjects\TestProject\TestProject.csproj", "{4DFE0960-F993-4DB9-804D-9EB3AEF6F177}"
EndProject
Global
	GlobalSection(SolutionConfigurationPlatforms) = preSolution
		Debug|Any CPU = Debug|Any CPU
		Release|Any CPU = Release|Any CPU
	EndGlobalSection
	GlobalSection(ProjectConfigurationPlatforms) = postSolution
		{4DFE0960-F993-4DB9-804D-9EB3AEF6F177}.Debug|Any CPU.ActiveCfg = Debug|Any CPU
		{4DFE0960-F993-4DB9-804D-9EB3AEF6F177}.Debug|Any CPU.Build.0 = Debug|Any CPU
		{4DFE0960-F993-4DB9-804D-9EB3AEF6F177}.Release|Any CPU.ActiveCfg = Release|Any CPU
		{4DFE0960-F993-4DB9-804D-9EB3AEF6F177}.Release|Any CPU.Build.0 = Release|Any CPU
	EndGlobalSection
	GlobalSection(SolutionProperties) = preSolution
		HideSolutionNode = FALSE
	EndGlobalSection
	GlobalSection(NestedProjects) = preSolution
		{4DFE0960-F993-4DB9-804D-9EB3AEF6F177} = {277180DC-AEAF-440B-808B-4147B2709B66}
	EndGlobalSection
	GlobalSection(ExtensibilityGlobals) = postSolution
		SolutionGuid = {226CDAB8-3289-4BC7-B7FC-C6F25F1FB430}
	EndGlobalSection
EndGlobal
